
Microsoft Visual Studio Solution File, Format Version 12.00
# Visual Studio 15
VisualStudioVersion = 15.0.28307.271
MinimumVisualStudioVersion = 10.0.40219.1
Project("{9A19103F-16F7-4668-BE54-9A1E7A4F7556}") = "Algorithms", "..\..\Algorithms1\Algorithms\Algorithms.csproj", "{852B8501-7CC8-4D15-A292-854F15CD1AE3}"
EndProject
Project("{9A19103F-16F7-4668-BE54-9A1E7A4F7556}") = "Console", "..\..\Algorithms1\Console\Console.csproj", "{3AF77111-3627-4A18-A4CE-7307BA07C966}"
EndProject
Project("{9A19103F-16F7-4668-BE54-9A1E7A4F7556}") = "Extensions", "..\..\Algorithms1\Extensions\Extensions.csproj", "{707BE56D-A894-4C8F-9B64-6E5E2DCF76F4}"
EndProject
Project("{9A19103F-16F7-4668-BE54-9A1E7A4F7556}") = "Library", "..\..\Algorithms1\Library\Library.csproj", "{31D96955-8B2D-4F55-BE51-4161FC61BEA7}"
EndProject
Global
	GlobalSection(SolutionConfigurationPlatforms) = preSolution
		Debug|Any CPU = Debug|Any CPU
		Release|Any CPU = Release|Any CPU
	EndGlobalSection
	GlobalSection(ProjectConfigurationPlatforms) = postSolution
		{852B8501-7CC8-4D15-A292-854F15CD1AE3}.Debug|Any CPU.ActiveCfg = Debug|Any CPU
		{852B8501-7CC8-4D15-A292-854F15CD1AE3}.Debug|Any CPU.Build.0 = Debug|Any CPU
		{852B8501-7CC8-4D15-A292-854F15CD1AE3}.Release|Any CPU.ActiveCfg = Release|Any CPU
		{852B8501-7CC8-4D15-A292-854F15CD1AE3}.Release|Any CPU.Build.0 = Release|Any CPU
		{3AF77111-3627-4A18-A4CE-7307BA07C966}.Debug|Any CPU.ActiveCfg = Debug|Any CPU
		{3AF77111-3627-4A18-A4CE-7307BA07C966}.Debug|Any CPU.Build.0 = Debug|Any CPU
		{3AF77111-3627-4A18-A4CE-7307BA07C966}.Release|Any CPU.ActiveCfg = Release|Any CPU
		{3AF77111-3627-4A18-A4CE-7307BA07C966}.Release|Any CPU.Build.0 = Release|Any CPU
		{707BE56D-A894-4C8F-9B64-6E5E2DCF76F4}.Debug|Any CPU.ActiveCfg = Debug|Any CPU
		{707BE56D-A894-4C8F-9B64-6E5E2DCF76F4}.Debug|Any CPU.Build.0 = Debug|Any CPU
		{707BE56D-A894-4C8F-9B64-6E5E2DCF76F4}.Release|Any CPU.ActiveCfg = Release|Any CPU
		{707BE56D-A894-4C8F-9B64-6E5E2DCF76F4}.Release|Any CPU.Build.0 = Release|Any CPU
		{31D96955-8B2D-4F55-BE51-4161FC61BEA7}.Debug|Any CPU.ActiveCfg = Debug|Any CPU
		{31D96955-8B2D-4F55-BE51-4161FC61BEA7}.Debug|Any CPU.Build.0 = Debug|Any CPU
		{31D96955-8B2D-4F55-BE51-4161FC61BEA7}.Release|Any CPU.ActiveCfg = Release|Any CPU
		{31D96955-8B2D-4F55-BE51-4161FC61BEA7}.Release|Any CPU.Build.0 = Release|Any CPU
	EndGlobalSection
	GlobalSection(SolutionProperties) = preSolution
		HideSolutionNode = FALSE
	EndGlobalSection
	GlobalSection(ExtensibilityGlobals) = postSolution
		SolutionGuid = {8100E9AB-176A-44F7-A22A-D3E2FE5F123B}
	EndGlobalSection
EndGlobal
